
Microsoft Visual Studio Solution File, Format Version 12.00
# Visual Studio 15
VisualStudioVersion = 15.0.28307.757
MinimumVisualStudioVersion = 10.0.40219.1
Project("{FAE04EC0-301F-11D3-BF4B-00C04F79EFBC}") = "Rover", "Rover\Rover.csproj", "{617FA55E-3261-4E8F-94F3-D47A7C330DF5}"
EndProject
Project("{FAE04EC0-301F-11D3-BF4B-00C04F79EFBC}") = "RoverTest", "RoverTest\RoverTest.csproj", "{EB1EEE1E-873B-44C6-9655-77A6CC05177E}"
EndProject
Global
	GlobalSection(SolutionConfigurationPlatforms) = preSolution
		Debug|Any CPU = Debug|Any CPU
		Release|Any CPU = Release|Any CPU
	EndGlobalSection
	GlobalSection(ProjectConfigurationPlatforms) = postSolution
		{617FA55E-3261-4E8F-94F3-D47A7C330DF5}.Debug|Any CPU.ActiveCfg = Debug|Any CPU
		{617FA55E-3261-4E8F-94F3-D47A7C330DF5}.Debug|Any CPU.Build.0 = Debug|Any CPU
		{617FA55E-3261-4E8F-94F3-D47A7C330DF5}.Release|Any CPU.ActiveCfg = Release|Any CPU
		{617FA55E-3261-4E8F-94F3-D47A7C330DF5}.Release|Any CPU.Build.0 = Release|Any CPU
		{EB1EEE1E-873B-44C6-9655-77A6CC05177E}.Debug|Any CPU.ActiveCfg = Debug|Any CPU
		{EB1EEE1E-873B-44C6-9655-77A6CC05177E}.Debug|Any CPU.Build.0 = Debug|Any CPU
		{EB1EEE1E-873B-44C6-9655-77A6CC05177E}.Release|Any CPU.ActiveCfg = Release|Any CPU
		{EB1EEE1E-873B-44C6-9655-77A6CC05177E}.Release|Any CPU.Build.0 = Release|Any CPU
	EndGlobalSection
	GlobalSection(SolutionProperties) = preSolution
		HideSolutionNode = FALSE
	EndGlobalSection
	GlobalSection(ExtensibilityGlobals) = postSolution
		SolutionGuid = {E6495A19-5305-4790-BF95-539F24D9D741}
	EndGlobalSection
EndGlobal
